
Microsoft Visual Studio Solution File, Format Version 12.00
# Visual Studio Version 17
VisualStudioVersion = 17.7.34024.191
MinimumVisualStudioVersion = 10.0.40219.1
Project("{FAE04EC0-301F-11D3-BF4B-00C04F79EFBC}") = "Polymorphism-interface", "Polymorphism-interface\Polymorphism-interface.csproj", "{7F925CA5-0E55-43AE-AA0E-780B5F07B7DE}"
EndProject
Project("{FAE04EC0-301F-11D3-BF4B-00C04F79EFBC}") = "Domain", "Domain\Domain.csproj", "{8B23DCCC-F455-461A-A480-9ABF6AB1B380}"
EndProject
Project("{FAE04EC0-301F-11D3-BF4B-00C04F79EFBC}") = "Service", "Service\Service.csproj", "{EDC3FD96-E32F-4124-8D44-D4029DE840EB}"
EndProject
Global
	GlobalSection(SolutionConfigurationPlatforms) = preSolution
		Debug|Any CPU = Debug|Any CPU
		Release|Any CPU = Release|Any CPU
	EndGlobalSection
	GlobalSection(ProjectConfigurationPlatforms) = postSolution
		{7F925CA5-0E55-43AE-AA0E-780B5F07B7DE}.Debug|Any CPU.ActiveCfg = Debug|Any CPU
		{7F925CA5-0E55-43AE-AA0E-780B5F07B7DE}.Debug|Any CPU.Build.0 = Debug|Any CPU
		{7F925CA5-0E55-43AE-AA0E-780B5F07B7DE}.Release|Any CPU.ActiveCfg = Release|Any CPU
		{7F925CA5-0E55-43AE-AA0E-780B5F07B7DE}.Release|Any CPU.Build.0 = Release|Any CPU
		{8B23DCCC-F455-461A-A480-9ABF6AB1B380}.Debug|Any CPU.ActiveCfg = Debug|Any CPU
		{8B23DCCC-F455-461A-A480-9ABF6AB1B380}.Debug|Any CPU.Build.0 = Debug|Any CPU
		{8B23DCCC-F455-461A-A480-9ABF6AB1B380}.Release|Any CPU.ActiveCfg = Release|Any CPU
		{8B23DCCC-F455-461A-A480-9ABF6AB1B380}.Release|Any CPU.Build.0 = Release|Any CPU
		{EDC3FD96-E32F-4124-8D44-D4029DE840EB}.Debug|Any CPU.ActiveCfg = Debug|Any CPU
		{EDC3FD96-E32F-4124-8D44-D4029DE840EB}.Debug|Any CPU.Build.0 = Debug|Any CPU
		{EDC3FD96-E32F-4124-8D44-D4029DE840EB}.Release|Any CPU.ActiveCfg = Release|Any CPU
		{EDC3FD96-E32F-4124-8D44-D4029DE840EB}.Release|Any CPU.Build.0 = Release|Any CPU
	EndGlobalSection
	GlobalSection(SolutionProperties) = preSolution
		HideSolutionNode = FALSE
	EndGlobalSection
	GlobalSection(ExtensibilityGlobals) = postSolution
		SolutionGuid = {2A7DEFE4-BCA6-4160-BA51-7D28BE726E91}
	EndGlobalSection
EndGlobal
